
Microsoft Visual Studio Solution File, Format Version 12.00
# Visual Studio 15
VisualStudioVersion = 15.0.28307.421
MinimumVisualStudioVersion = 10.0.40219.1
Project("{FAE04EC0-301F-11D3-BF4B-00C04F79EFBC}") = "TestExcel", "OfficeTool\TestExcel.csproj", "{3E077AE4-1358-4348-92E3-943EA579324B}"
EndProject
Project("{FAE04EC0-301F-11D3-BF4B-00C04F79EFBC}") = "OfficeTool.Library", "OfficeTool.Library\OfficeTool.Library.csproj", "{1AD6BC36-9056-482C-B3D4-926434FE88E4}"
EndProject
Global
	GlobalSection(SolutionConfigurationPlatforms) = preSolution
		Debug|Any CPU = Debug|Any CPU
		Release|Any CPU = Release|Any CPU
	EndGlobalSection
	GlobalSection(ProjectConfigurationPlatforms) = postSolution
		{3E077AE4-1358-4348-92E3-943EA579324B}.Debug|Any CPU.ActiveCfg = Debug|Any CPU
		{3E077AE4-1358-4348-92E3-943EA579324B}.Debug|Any CPU.Build.0 = Debug|Any CPU
		{3E077AE4-1358-4348-92E3-943EA579324B}.Release|Any CPU.ActiveCfg = Release|Any CPU
		{3E077AE4-1358-4348-92E3-943EA579324B}.Release|Any CPU.Build.0 = Release|Any CPU
		{1AD6BC36-9056-482C-B3D4-926434FE88E4}.Debug|Any CPU.ActiveCfg = Debug|Any CPU
		{1AD6BC36-9056-482C-B3D4-926434FE88E4}.Debug|Any CPU.Build.0 = Debug|Any CPU
		{1AD6BC36-9056-482C-B3D4-926434FE88E4}.Release|Any CPU.ActiveCfg = Release|Any CPU
		{1AD6BC36-9056-482C-B3D4-926434FE88E4}.Release|Any CPU.Build.0 = Release|Any CPU
	EndGlobalSection
	GlobalSection(SolutionProperties) = preSolution
		HideSolutionNode = FALSE
	EndGlobalSection
	GlobalSection(ExtensibilityGlobals) = postSolution
		SolutionGuid = {CCB1CDAF-442A-47F4-8F81-2BAAC8C569CC}
	EndGlobalSection
EndGlobal
